github.com/PaloAltoNetworks/pango v0.10.2 h1:Tjn6vIzzAq6Dd7N0mDuiP8w8pz8k5W9zz/TTSUQCsQY=
github.com/PaloAltoNetworks/pango v0.10.2/go.mod h1:GztcRnVLur7G+VFG7Z5ZKNFgScLtsycwPMp1qVebE5g=
github.com/buger/goterm v1.0.4 h1:Z9YvGmOih81P0FbVtEYTFF6YsSgxSUKEhf/f9bTMXbY=
github.com/buger/goterm v1.0.4/go.mod h1:HiFWV3xnkolgrBV3mY8m0X0Pumt4zg4QhbdOzQtB8tE=
github.com/cisco-en-programmability/dnacenter-go-sdk/v5 v5.0.32 h1:aEWjd0o0/IwBxJluO7aZPueTrCu16bVsD+Zael9zQSw=
github.com/cisco-en-programmability/dnacenter-go-sdk/v5 v5.0.32/go.mod h1:TGFSsDT4AmPzAAHC8f9UAw+gtRgu4klUIUelAzcLfDM=
github.com/creack/pty v1.1.21/go.mod h1:MOBLtS5ELjhRRrroQr9kyvTxUAFNvYEK993ew/Vr4O4=
github.com/creack/pty v1.1.23 h1:4M6+isWdcStXEf15G/RbrMPOQj1dZ7HPZCGwE4kOeP0=
github.com/creack/pty v1.1.23/go.mod h1:08sCNb52WyoAwi2QDyzUCTgcvVFhUzewun7wtTfvcwE=
github.com/davecgh/go-spew v1.1.1 h1:vj9j/u1bqnvCEfJOwUhtlOARqs3+rkHYY13jYWTU97c=
github.com/davecgh/go-spew v1.1.1/go.mod h1:J7Y8YcW2NihsgmVo/mv3lAwl/skON4iLHjSsI+c5H38=
github.com/diskfs/go-diskfs v1.4.1 h1:iODgkzHLmvXS+1VDztpW53T+dQm8GQzi20y9yUd5UCA=
github.com/diskfs/go-diskfs v1.4.1/go.mod h1:+tOkQs8CMMog6Nvljg8DGIxEXrgL48iyT3OM3IlSz74=
github.com/djherbis/times v1.6.0 h1:w2ctJ92J8fBvWPxugmXIv7Nz7Q3iDMKNx9v5ocVH20c=
github.com/djherbis/times v1.6.0/go.mod h1:gOHeRAz2h+VJNZ5Gmc/o7iD9k4wW7NMVqieYCY99oc0=
github.com/elliotwutingfeng/asciiset v0.0.0-20230602022725-51bbb787efab h1:h1UgjJdAAhj+uPL68n7XASS6bU+07ZX1WJvVS2eyoeY=
github.com/elliotwutingfeng/asciiset v0.0.0-20230602022725-51bbb787efab/go.mod h1:GLo/8fDswSAniFG+BFIaiSPcK610jyzgEhWYPQwuQdw=
github.com/go-resty/resty/v2 v2.14.0 h1:/rhkzsAqGQkozwfKS5aFAbb6TyKd3zyFRWcdRXLPCAU=
github.com/go-resty/resty/v2 v2.14.0/go.mod h1:IW6mekUOsElt9C7oWr0XRt9BNSD6D5rr9mhk6NjmNHg=
github.com/go-test/deep v1.0.8 h1:TDsG77qcSprGbC6vTN8OuXp5g+J+b5Pcguhf7Zt61VM=
github.com/go-test/deep v1.0.8/go.mod h1:5C2ZWiW0ErCdrYzpqxLbTX7MG14M9iiw8DgHncVwcsE=
github.com/google/go-cmp v0.5.2/go.mod h1:v8dTdLbMG2kIc/vJvl+f65V22dbkXbowE6jgT/gNBxE=
github.com/google/go-cmp v0.6.0 h1:ofyhxvXcZhMsU5ulbFiLKl/XBFqE1GSq7atu8tAmTRI=
github.com/google/go-cmp v0.6.0/go.mod h1:17dUlkBOakJ0+DkrSSNjCkIjxS6bF9zb3elmeNGIjoY=
github.com/google/go-querystring v1.1.0 h1:AnCroh3fv4ZBgVIf1Iwtovgjaw/GiKJo8M8yD/fhyJ8=
github.com/google/go-querystring v1.1.0/go.mod h1:Kcdr2DB4koayq7X8pmAG4sNG59So17icRSOU623lUBU=
github.com/google/uuid v1.6.0 h1:NIvaJDMOsjHA8n1jAhLSgzrAzy1Hgr+hNrb57e+94F0=
github.com/google/uuid v1.6.0/go.mod h1:TIyPZe4MgqvfeYDBFedMoGGpEw/LqOeaOT+nhxU+yHo=
github.com/gorilla/websocket v1.5.3 h1:saDtZ6Pbx/0u+bgYQ3q96pZgCzfhKXGPqt7kZ72aNNg=
github.com/gorilla/websocket v1.5.3/go.mod h1:YR8l580nyteQvAITg2hZ9XVh4b55+EU/adAjf1fMHhE=
github.com/h2non/gock v1.2.0 h1:K6ol8rfrRkUOefooBC8elXoaNGYkpp7y2qcxGG6BzUE=
github.com/h2non/gock v1.2.0/go.mod h1:tNhoxHYW2W42cYkYb1WqzdbYIieALC99kpYr7rH/BQk=
github.com/h2non/parth v0.0.0-20190131123155-b4df798d6542 h1:2VTzZjLZBgl62/EtslCrtky5vbi9dd7HrQPQIx6wqiw=
github.com/h2non/parth v0.0.0-20190131123155-b4df798d6542/go.mod h1:Ow0tF8D4Kplbc8s8sSb3V2oUCygFHVp8gC3Dn6U4MNI=
github.com/jinzhu/copier v0.4.0 h1:w3ciUoD19shMCRargcpm0cm91ytaBhDvuRpz1ODO/U8=
github.com/jinzhu/copier v0.4.0/go.mod h1:DfbEm0FYsaqBcKcFuvmOZb218JkPGtvSHsKg8S8hyyg=
github.com/klauspost/compress v1.17.4 h1:Ej5ixsIri7BrIjBkRZLTo6ghwrEtHFk7ijlczPW4fZ4=
github.com/klauspost/compress v1.17.4/go.mod h1:/dCuZOvVtNoHsyb+cuJD3itjs3NbnF6KH9zAO4BDxPM=
github.com/kr/pretty v0.3.0 h1:WgNl7dwNpEZ6jJ9k1snq4pZsg7DOEN8hP9Xw0Tsjwk0=
github.com/kr/pretty v0.3.0/go.mod h1:640gp4NfQd8pI5XOwp5fnNeVWj67G7CFk/SaSQn7NBk=
github.com/kr/text v0.2.0 h1:5Nx0Ya0ZqY2ygV366QzturHI13Jq95ApcVaJBhpS+AY=
github.com/kr/text v0.2.0/go.mod h1:eLer722TekiGuMkidMxC/pM04lWEeraHUUmBw8l2grE=
github.com/luthermonson/go-proxmox v0.1.0 h1:6LdaqCpJepWNJcs27vb907N1785CuWAAA8hBF2AK2VI=
github.com/luthermonson/go-proxmox v0.1.0/go.mod h1:wkD6045y9lKBCP0sJGjNqmlBCo0vwRwnfhmsrPBTu34=
github.com/luthermonson/go-proxmox v0.1.1 h1:vRX+JOVpePLeI1kAf9LVmFqVPYWYDst409ShJcpPVaY=
github.com/luthermonson/go-proxmox v0.1.1/go.mod h1:wkD6045y9lKBCP0sJGjNqmlBCo0vwRwnfhmsrPBTu34=
github.com/magefile/mage v1.15.0 h1:BvGheCMAsG3bWUDbZ8AyXXpCNwU9u5CB6sM+HNb9HYg=
github.com/magefile/mage v1.15.0/go.mod h1:z5UZb/iS3GoOSn0JgWuiw7dxlurVYTu+/jHXqQg881A=
github.com/ovirt/go-ovirt v4.3.4+incompatible h1:jXcJpcXyNZ3mXJ1IVU3l3tMpE4JEUSNjqRiEJnVpG40=
github.com/ovirt/go-ovirt v4.3.4+incompatible/go.mod h1:r33ZGjVKCPMiI6hw791/Zx8tNKk0Gn+4VFWbOfyIvZQ=
github.com/pierrec/lz4/v4 v4.1.17 h1:kV4Ip+/hUBC+8T6+2EgburRtkE9ef4nbY3f4dFhGjMc=
github.com/pierrec/lz4/v4 v4.1.17/go.mod h1:gZWDp/Ze/IJXGXf23ltt2EXimqmTUXEy0GFuRQyBid4=
github.com/pkg/xattr v0.4.9 h1:5883YPCtkSd8LFbs13nXplj9g9tlrwoJRjgpgMu1/fE=
github.com/pkg/xattr v0.4.9/go.mod h1:di8WF84zAKk8jzR1UBTEWh9AUlIZZ7M/JNt8e9B6ktU=
github.com/pmezard/go-difflib v1.0.0 h1:4DBwDE0NGyQoBHbLQYPwSUPoCMWR5BEzIk/f1lZbAQM=
github.com/pmezard/go-difflib v1.0.0/go.mod h1:iKH77koFhYxTK1pcRnkKkqfTogsbg7gZNVY4sRDYZ/4=
github.com/rogpeppe/go-internal v1.12.0 h1:exVL4IDcn6na9z1rAb56Vxr+CgyK3nn3O+epU5NdKM8=
github.com/rogpeppe/go-internal v1.12.0/go.mod h1:E+RYuTGaKKdloAfM02xzb0FW3Paa99yedzYV+kq4uf4=
github.com/scrapli/scrapligo v1.3.2 h1:9D5TFM/DlqAijqH18uNHygbNos0ReDsJl/vhMRObkhg=
github.com/scrapli/scrapligo v1.3.2/go.mod h1:VnmqW27qUU1NOt6PNllZNJqAXQddn2vqZpk7g5qxebw=
github.com/sirikothe/gotextfsm v1.0.1-0.20200816110946-6aa2cfd355e4 h1:FHUL2HofYJuslFOQdy/JjjP36zxqIpd/dcoiwLMIs7k=
github.com/sirikothe/gotextfsm v1.0.1-0.20200816110946-6aa2cfd355e4/go.mod h1:CJYqpTg9u5VPCoD0VEl9E68prCIiWQD8m457k098DdQ=
github.com/sirupsen/logrus v1.9.4-0.20230606125235-dd1b4c2e81af h1:Sp5TG9f7K39yfB+If0vjp97vuT74F72r8hfRpP8jLU0=
github.com/sirupsen/logrus v1.9.4-0.20230606125235-dd1b4c2e81af/go.mod h1:naHLuLoDiP4jHNo9R0sCBMtWGeIprob74mVsIT4qYEQ=
github.com/stretchr/testify v1.9.0 h1:HtqpIVDClZ4nwg75+f6Lvsy/wHu+3BoSGCbBAcpTsTg=
github.com/stretchr/testify v1.9.0/go.mod h1:r2ic/lqez/lEtzL7wO/rwa5dbSLXVDPFyf8C91i36aY=
github.com/ulikunitz/xz v0.5.11 h1:kpFauv27b6ynzBNT/Xy+1k+fK4WswhN/6PN5WhFAGw8=
github.com/ulikunitz/xz v0.5.11/go.mod h1:nbz6k7qbPmH4IRqmfOplQw/tblSgqTqBwxkY0oWt/14=
github.com/vmware/govmomi v0.42.0 h1:MbvAlVfjNBE1mHMaQ7yOSop1KLB0/93x6VAGuCtjqtI=
github.com/vmware/govmomi v0.42.0/go.mod h1:1H5LWwsBif8HKZqbFp0FdoKTHyJE4FzL6ACequMKYQg=
github.com/yuin/goldmark v1.4.13/go.mod h1:6yULJ656Px+3vBD8DxQVa3kxgyrAnzto9xy5taEt/CY=
golang.org/x/crypto v0.0.0-20190308221718-c2843e01d9a2/go.mod h1:djNgcEr1/C05ACkg1iLfiJU5Ep61QUkGW8qpdssI0+w=
golang.org/x/crypto v0.0.0-20210921155107-089bfa567519/go.mod h1:GvvjBRRGRdwPK5ydBHafDWAxML/pGHZbMvKqRZ5+Abc=
golang.org/x/crypto v0.6.0/go.mod h1:OFC/31mSvZgRz0V1QTNCzfAI1aIRzbiufJtkMIlEp58=
golang.org/x/crypto v0.13.0/go.mod h1:y6Z2r+Rw4iayiXXAIxJIDAJ1zMW4yaTpebo8fPOliYc=
golang.org/x/crypto v0.19.0/go.mod h1:Iy9bg/ha4yyC70EfRS8jz+B6ybOBKMaSxLj6P6oBDfU=
golang.org/x/crypto v0.23.0/go.mod h1:CKFgDieR+mRhux2Lsu27y0fO304Db0wZe70UKqHu0v8=
golang.org/x/crypto v0.25.0/go.mod h1:T+wALwcMOSE0kXgUAnPAHqTLW+XHgcELELW8VaDgm/M=
golang.org/x/crypto v0.26.0 h1:RrRspgV4mU+YwB4FYnuBoKsUapNIL5cohGAmSH3azsw=
golang.org/x/crypto v0.26.0/go.mod h1:GY7jblb9wI+FOo5y8/S2oY4zWP07AkOJ4+jxCqdqn54=
golang.org/x/mod v0.6.0-dev.0.20220419223038-86c51ed26bb4/go.mod h1:jJ57K6gSWd91VN4djpZkiMVwK6gcyfeH4XE8wZrZaV4=
golang.org/x/mod v0.8.0/go.mod h1:iBbtSCu2XBx23ZKBPSOrRkjjQPZFPuis4dIYUhu/chs=
golang.org/x/mod v0.12.0/go.mod h1:iBbtSCu2XBx23ZKBPSOrRkjjQPZFPuis4dIYUhu/chs=
golang.org/x/mod v0.15.0/go.mod h1:hTbmBsO62+eylJbnUtE2MGJUyE7QWk4xUqPFrRgJ+7c=
golang.org/x/mod v0.17.0/go.mod h1:hTbmBsO62+eylJbnUtE2MGJUyE7QWk4xUqPFrRgJ+7c=
golang.org/x/net v0.0.0-20190620200207-3b0461eec859/go.mod h1:z5CRVTTTmAJ677TzLLGU+0bjPO0LkuOLi4/5GtJWs/s=
golang.org/x/net v0.0.0-20210226172049-e18ecbb05110/go.mod h1:m0MpNAwzfU5UDzcl9v0D8zg8gWTRqZa9RBIspLL5mdg=
golang.org/x/net v0.0.0-20220722155237-a158d28d115b/go.mod h1:XRhObCWvk6IyKnWLug+ECip1KBveYUHfp+8e9klMJ9c=
golang.org/x/net v0.6.0/go.mod h1:2Tu9+aMcznHK/AK1HMvgo6xiTLG5rD5rZLDS+rp2Bjs=
golang.org/x/net v0.10.0/go.mod h1:0qNGK6F8kojg2nk9dLZ2mShWaEBan6FAoqfSigmmuDg=
golang.org/x/net v0.15.0/go.mod h1:idbUs1IY1+zTqbi8yxTbhexhEEk5ur9LInksu6HrEpk=
golang.org/x/net v0.21.0/go.mod h1:bIjVDfnllIU7BJ2DNgfnXvpSvtn8VRwhlsaeUTyUS44=
golang.org/x/net v0.25.0/go.mod h1:JkAGAh7GEvH74S6FOH42FLoXpXbE/aqXSrIQjXgsiwM=
golang.org/x/net v0.27.0/go.mod h1:dDi0PyhWNoiUOrAS8uXv/vnScO4wnHQO4mj9fn/RytE=
golang.org/x/net v0.28.0 h1:a9JDOJc5GMUJ0+UDqmLT86WiEy7iWyIhz8gz8E4e5hE=
golang.org/x/net v0.28.0/go.mod h1:yqtgsTWOOnlGLG9GFRrK3++bGOUEkNBoHZc8MEDWPNg=
golang.org/x/sync v0.0.0-20190423024810-112230192c58/go.mod h1:RxMgew5VJxzue5/jJTE5uejpjVlOe/izrB70Jof72aM=
golang.org/x/sync v0.0.0-20220722155255-886fb9371eb4/go.mod h1:RxMgew5VJxzue5/jJTE5uejpjVlOe/izrB70Jof72aM=
golang.org/x/sync v0.1.0/go.mod h1:RxMgew5VJxzue5/jJTE5uejpjVlOe/izrB70Jof72aM=
golang.org/x/sync v0.3.0/go.mod h1:FU7BRWz2tNW+3quACPkgCx/L+uEAv1htQ0V83Z9Rj+Y=
golang.org/x/sync v0.6.0/go.mod h1:Czt+wKu1gCyEFDUtn0jG5QVvpJ6rzVqr5aXyt9drQfk=
golang.org/x/sync v0.7.0/go.mod h1:Czt+wKu1gCyEFDUtn0jG5QVvpJ6rzVqr5aXyt9drQfk=
golang.org/x/sys v0.0.0-20190215142949-d0b11bdaac8a/go.mod h1:STP8DvDyc/dI5b8T5hshtkjS+E42TnysNCUPdjciGhY=
golang.org/x/sys v0.0.0-20201119102817-f84b799fce68/go.mod h1:h1NjWce9XRLGQEsW7wpKNCjG9DtNlClVuFLEZdDNbEs=
golang.org/x/sys v0.0.0-20210331175145-43e1dd70ce54/go.mod h1:h1NjWce9XRLGQEsW7wpKNCjG9DtNlClVuFLEZdDNbEs=
golang.org/x/sys v0.0.0-20210615035016-665e8c7367d1/go.mod h1:oPkhp1MJrh7nUepCBck5+mAzfO9JrbApNNgaTdGDITg=
golang.org/x/sys v0.0.0-20220520151302-bc2c85ada10a/go.mod h1:oPkhp1MJrh7nUepCBck5+mAzfO9JrbApNNgaTdGDITg=
golang.org/x/sys v0.0.0-20220615213510-4f61da869c0c/go.mod h1:oPkhp1MJrh7nUepCBck5+mAzfO9JrbApNNgaTdGDITg=
golang.org/x/sys v0.0.0-20220722155257-8c9f86f7a55f/go.mod h1:oPkhp1MJrh7nUepCBck5+mAzfO9JrbApNNgaTdGDITg=
golang.org/x/sys v0.5.0/go.mod h1:oPkhp1MJrh7nUepCBck5+mAzfO9JrbApNNgaTdGDITg=
golang.org/x/sys v0.8.0/go.mod h1:oPkhp1MJrh7nUepCBck5+mAzfO9JrbApNNgaTdGDITg=
golang.org/x/sys v0.12.0/go.mod h1:oPkhp1MJrh7nUepCBck5+mAzfO9JrbApNNgaTdGDITg=
golang.org/x/sys v0.17.0/go.mod h1:/VUhepiaJMQUp4+oa/7Zr1D23ma6VTLIYjOOTFZPUcA=
golang.org/x/sys v0.20.0/go.mod h1:/VUhepiaJMQUp4+oa/7Zr1D23ma6VTLIYjOOTFZPUcA=
golang.org/x/sys v0.22.0/go.mod h1:/VUhepiaJMQUp4+oa/7Zr1D23ma6VTLIYjOOTFZPUcA=
golang.org/x/sys v0.24.0 h1:Twjiwq9dn6R1fQcyiK+wQyHWfaz/BJB+YIpzU/Cv3Xg=
golang.org/x/sys v0.24.0/go.mod h1:/VUhepiaJMQUp4+oa/7Zr1D23ma6VTLIYjOOTFZPUcA=
golang.org/x/telemetry v0.0.0-20240228155512-f48c80bd79b2/go.mod h1:TeRTkGYfJXctD9OcfyVLyj2J3IxLnKwHJR8f4D8a3YE=
golang.org/x/term v0.0.0-20201126162022-7de9c90e9dd1/go.mod h1:bj7SfCRtBDWHUb9snDiAeCFNEtKQo2Wmx5Cou7ajbmo=
golang.org/x/term v0.0.0-20210927222741-03fcf44c2211/go.mod h1:jbD1KX2456YbFQfuXm/mYQcufACuNUgVhRMnK/tPxf8=
golang.org/x/term v0.5.0/go.mod h1:jMB1sMXY+tzblOD4FWmEbocvup2/aLOaQEp7JmGp78k=
golang.org/x/term v0.8.0/go.mod h1:xPskH00ivmX89bAKVGSKKtLOWNx2+17Eiy94tnKShWo=
golang.org/x/term v0.12.0/go.mod h1:owVbMEjm3cBLCHdkQu9b1opXd4ETQWc3BhuQGKgXgvU=
golang.org/x/term v0.17.0/go.mod h1:lLRBjIVuehSbZlaOtGMbcMncT+aqLLLmKrsjNrUguwk=
golang.org/x/term v0.20.0/go.mod h1:8UkIAJTvZgivsXaD6/pH6U9ecQzZ45awqEOzuCvwpFY=
golang.org/x/term v0.22.0/go.mod h1:F3qCibpT5AMpCRfhfT53vVJwhLtIVHhB9XDjfFvnMI4=
golang.org/x/term v0.23.0 h1:F6D4vR+EHoL9/sWAWgAR1H2DcHr4PareCbAaCo1RpuU=
golang.org/x/term v0.23.0/go.mod h1:DgV24QBUrK6jhZXl+20l6UWznPlwAHm1Q1mGHtydmSk=
golang.org/x/text v0.3.0/go.mod h1:NqM8EUOU14njkJ3fqMW+pc6Ldnwhi/IjpwHt7yyuwOQ=
golang.org/x/text v0.3.3/go.mod h1:5Zoc/QRtKVWzQhOtBMvqHzDpF6irO9z98xDceosuGiQ=
golang.org/x/text v0.3.7/go.mod h1:u+2+/6zg+i71rQMx5EYifcz6MCKuco9NR6JIITiCfzQ=
golang.org/x/text v0.7.0/go.mod h1:mrYo+phRRbMaCq/xk9113O4dZlRixOauAjOtrjsXDZ8=
golang.org/x/text v0.9.0/go.mod h1:e1OnstbJyHTd6l/uOt8jFFHp6TRDWZR/bV3emEE/zU8=
golang.org/x/text v0.13.0/go.mod h1:TvPlkZtksWOMsz7fbANvkp4WM8x/WCo/om8BMLbz+aE=
golang.org/x/text v0.14.0/go.mod h1:18ZOQIKpY8NJVqYksKHtTdi31H5itFRjB5/qKTNYzSU=
golang.org/x/text v0.15.0/go.mod h1:18ZOQIKpY8NJVqYksKHtTdi31H5itFRjB5/qKTNYzSU=
golang.org/x/text v0.16.0/go.mod h1:GhwF1Be+LQoKShO3cGOHzqOgRrGaYc9AvblQOmPVHnI=
golang.org/x/text v0.17.0 h1:XtiM5bkSOt+ewxlOE/aE/AKEHibwj/6gvWMl9Rsh0Qc=
golang.org/x/text v0.17.0/go.mod h1:BuEKDfySbSR4drPmRPG/7iBdf8hvFMuRexcpahXilzY=
golang.org/x/time v0.6.0 h1:eTDhh4ZXt5Qf0augr54TN6suAUudPcawVZeIAPU7D4U=
golang.org/x/time v0.6.0/go.mod h1:3BpzKBy/shNhVucY/MWOyx10tF3SFh9QdLuxbVysPQM=
golang.org/x/tools v0.0.0-20180917221912-90fa682c2a6e/go.mod h1:n7NCudcB/nEzxVGmLbDWY5pfWTLqBcC2KZ6jyYvM4mQ=
golang.org/x/tools v0.0.0-20191119224855-298f0cb1881e/go.mod h1:b+2E5dAYhXwXZwtnZ6UAqBI28+e2cm9otk0dWdXHAEo=
golang.org/x/tools v0.1.12/go.mod h1:hNGJHUnrk76NpqgfD5Aqm5Crs+Hm0VOH/i9J2+nxYbc=
golang.org/x/tools v0.6.0/go.mod h1:Xwgl3UAJ/d3gWutnCtw505GrjyAbvKui8lOU390QaIU=
golang.org/x/tools v0.13.0/go.mod h1:HvlwmtVNQAhOuCjW7xxvovg8wbNq7LwfXh/k7wXUl58=
golang.org/x/tools v0.21.1-0.20240508182429-e35e4ccd0d2d/go.mod h1:aiJjzUbINMkxbQROHiO6hDPo2LHcIPhhQsa9DLh0yGk=
golang.org/x/xerrors v0.0.0-20190717185122-a985d3407aa7/go.mod h1:I/5z698sn9Ka8TeJc9MKroUUfqBBauWjQqLJ2OPfmY0=
golang.org/x/xerrors v0.0.0-20191204190536-9bdfabe68543/go.mod h1:I/5z698sn9Ka8TeJc9MKroUUfqBBauWjQqLJ2OPfmY0=
gopkg.in/check.v1 v0.0.0-20161208181325-20d25e280405/go.mod h1:Co6ibVJAznAaIkqp8huTwlJQCZ016jof/cbN4VW5Yz0=
gopkg.in/check.v1 v1.0.0-20180628173108-788fd7840127 h1:qIbj1fsPNlZgppZ+VLlY7N33q108Sa+fhmuc+sWQYwY=
gopkg.in/check.v1 v1.0.0-20180628173108-788fd7840127/go.mod h1:Co6ibVJAznAaIkqp8huTwlJQCZ016jof/cbN4VW5Yz0=
gopkg.in/yaml.v3 v3.0.1 h1:fxVm/GzAzEWqLHuvctI91KS9hhNmmWOoWu0XTYJS7CA=
gopkg.in/yaml.v3 v3.0.1/go.mod h1:K4uyk7z7BCEPqu6E+C64Yfv1cQ7kz7rIZviUmN+EgEM=
