github.com/ovirt/go-ovirt v4.3.4+incompatible h1:jXcJpcXyNZ3mXJ1IVU3l3tMpE4JEUSNjqRiEJnVpG40=
github.com/ovirt/go-ovirt v4.3.4+incompatible/go.mod h1:r33ZGjVKCPMiI6hw791/Zx8tNKk0Gn+4VFWbOfyIvZQ=
github.com/vmware/govmomi v0.34.2 h1:o6ydkTVITOkpQU6HAf6tP5GvHFCNJlNUNlMsvFK77X4=
github.com/vmware/govmomi v0.34.2/go.mod h1:qWWT6n9mdCr/T9vySsoUqcI04sSEj4CqHXxtk/Y+Los=
gopkg.in/check.v1 v0.0.0-20161208181325-20d25e280405/go.mod h1:Co6ibVJAznAaIkqp8huTwlJQCZ016jof/cbN4VW5Yz0=
gopkg.in/yaml.v3 v3.0.1 h1:fxVm/GzAzEWqLHuvctI91KS9hhNmmWOoWu0XTYJS7CA=
gopkg.in/yaml.v3 v3.0.1/go.mod h1:K4uyk7z7BCEPqu6E+C64Yfv1cQ7kz7rIZviUmN+EgEM=
